
Microsoft Visual Studio Solution File, Format Version 12.00
# Visual Studio Version 17
VisualStudioVersion = 17.7.34003.232
MinimumVisualStudioVersion = 10.0.40219.1
Project("{9A19103F-16F7-4668-BE54-9A1E7A4F7556}") = "Emergencia.Domain", "Emergencia.Domain\Emergencia.Domain.csproj", "{0728FF3A-DBE8-4ECB-81E3-B7E3C74C801D}"
EndProject
Project("{9A19103F-16F7-4668-BE54-9A1E7A4F7556}") = "Emergencia.Aplication", "Emergencia.Aplication\Emergencia.Aplication.csproj", "{2F8F8639-C901-4988-88DE-659B1A8F6F40}"
EndProject
Project("{9A19103F-16F7-4668-BE54-9A1E7A4F7556}") = "Emergencia.Infrastructure", "Emergencia.Infrastruct\Emergencia.Infrastructure.csproj", "{29402852-A5A2-49DC-B45F-A28980E4D799}"
EndProject
Project("{9A19103F-16F7-4668-BE54-9A1E7A4F7556}") = "Emergencia.CrossCutting", "Emergencia.CrossCutting\Emergencia.CrossCutting.csproj", "{E1B10461-7F89-4C70-BCA1-EF3DBD5DA704}"
EndProject
Project("{9A19103F-16F7-4668-BE54-9A1E7A4F7556}") = "Emergencia.API", "Emergencia.API\Emergencia.API.csproj", "{AE280E81-265B-4159-AAE5-F5C0CCECFE67}"
EndProject
Project("{2150E333-8FDC-42A3-9474-1A3956D46DE8}") = "Emergencia", "Emergencia", "{28025FA8-DB53-42EB-A688-AA59044BC73D}"
EndProject
Project("{9A19103F-16F7-4668-BE54-9A1E7A4F7556}") = "ApiEmergenciaXunitTeste", "ApiEmergenciaXunitTeste\ApiEmergenciaXunitTeste.csproj", "{EE64E511-B4C6-46F3-AC62-D833857B7CBF}"
EndProject
Project("{2150E333-8FDC-42A3-9474-1A3956D46DE8}") = "Common", "Common", "{BD9F1F2B-3461-4112-90AC-7A5C73D70C12}"
EndProject
Project("{9A19103F-16F7-4668-BE54-9A1E7A4F7556}") = "DP.MessageBus", "DP.MessageBus\DP.MessageBus.csproj", "{2ED2DF0D-144B-48BB-8B11-FFB81044659D}"
EndProject
Project("{2150E333-8FDC-42A3-9474-1A3956D46DE8}") = "MessageBus", "MessageBus", "{DCB88367-D4E1-4B55-A464-BA1CA19BA443}"
EndProject
Project("{2150E333-8FDC-42A3-9474-1A3956D46DE8}") = "Core", "Core", "{C656964D-5FB8-49E4-8A7D-C77DF89037CA}"
EndProject
Project("{FAE04EC0-301F-11D3-BF4B-00C04F79EFBC}") = "DP.Core", "DP.Core\DP.Core.csproj", "{B6AB9F54-0C3C-4113-82C2-396C5B452FBA}"
EndProject
Global
	GlobalSection(SolutionConfigurationPlatforms) = preSolution
		Debug|Any CPU = Debug|Any CPU
		Release|Any CPU = Release|Any CPU
	EndGlobalSection
	GlobalSection(ProjectConfigurationPlatforms) = postSolution
		{0728FF3A-DBE8-4ECB-81E3-B7E3C74C801D}.Debug|Any CPU.ActiveCfg = Debug|Any CPU
		{0728FF3A-DBE8-4ECB-81E3-B7E3C74C801D}.Debug|Any CPU.Build.0 = Debug|Any CPU
		{0728FF3A-DBE8-4ECB-81E3-B7E3C74C801D}.Release|Any CPU.ActiveCfg = Release|Any CPU
		{0728FF3A-DBE8-4ECB-81E3-B7E3C74C801D}.Release|Any CPU.Build.0 = Release|Any CPU
		{2F8F8639-C901-4988-88DE-659B1A8F6F40}.Debug|Any CPU.ActiveCfg = Debug|Any CPU
		{2F8F8639-C901-4988-88DE-659B1A8F6F40}.Debug|Any CPU.Build.0 = Debug|Any CPU
		{2F8F8639-C901-4988-88DE-659B1A8F6F40}.Release|Any CPU.ActiveCfg = Release|Any CPU
		{2F8F8639-C901-4988-88DE-659B1A8F6F40}.Release|Any CPU.Build.0 = Release|Any CPU
		{29402852-A5A2-49DC-B45F-A28980E4D799}.Debug|Any CPU.ActiveCfg = Debug|Any CPU
		{29402852-A5A2-49DC-B45F-A28980E4D799}.Debug|Any CPU.Build.0 = Debug|Any CPU
		{29402852-A5A2-49DC-B45F-A28980E4D799}.Release|Any CPU.ActiveCfg = Release|Any CPU
		{29402852-A5A2-49DC-B45F-A28980E4D799}.Release|Any CPU.Build.0 = Release|Any CPU
		{E1B10461-7F89-4C70-BCA1-EF3DBD5DA704}.Debug|Any CPU.ActiveCfg = Debug|Any CPU
		{E1B10461-7F89-4C70-BCA1-EF3DBD5DA704}.Debug|Any CPU.Build.0 = Debug|Any CPU
		{E1B10461-7F89-4C70-BCA1-EF3DBD5DA704}.Release|Any CPU.ActiveCfg = Release|Any CPU
		{E1B10461-7F89-4C70-BCA1-EF3DBD5DA704}.Release|Any CPU.Build.0 = Release|Any CPU
		{AE280E81-265B-4159-AAE5-F5C0CCECFE67}.Debug|Any CPU.ActiveCfg = Debug|Any CPU
		{AE280E81-265B-4159-AAE5-F5C0CCECFE67}.Debug|Any CPU.Build.0 = Debug|Any CPU
		{AE280E81-265B-4159-AAE5-F5C0CCECFE67}.Release|Any CPU.ActiveCfg = Release|Any CPU
		{AE280E81-265B-4159-AAE5-F5C0CCECFE67}.Release|Any CPU.Build.0 = Release|Any CPU
		{EE64E511-B4C6-46F3-AC62-D833857B7CBF}.Debug|Any CPU.ActiveCfg = Debug|Any CPU
		{EE64E511-B4C6-46F3-AC62-D833857B7CBF}.Debug|Any CPU.Build.0 = Debug|Any CPU
		{EE64E511-B4C6-46F3-AC62-D833857B7CBF}.Release|Any CPU.ActiveCfg = Release|Any CPU
		{EE64E511-B4C6-46F3-AC62-D833857B7CBF}.Release|Any CPU.Build.0 = Release|Any CPU
		{2ED2DF0D-144B-48BB-8B11-FFB81044659D}.Debug|Any CPU.ActiveCfg = Debug|Any CPU
		{2ED2DF0D-144B-48BB-8B11-FFB81044659D}.Debug|Any CPU.Build.0 = Debug|Any CPU
		{2ED2DF0D-144B-48BB-8B11-FFB81044659D}.Release|Any CPU.ActiveCfg = Release|Any CPU
		{2ED2DF0D-144B-48BB-8B11-FFB81044659D}.Release|Any CPU.Build.0 = Release|Any CPU
		{B6AB9F54-0C3C-4113-82C2-396C5B452FBA}.Debug|Any CPU.ActiveCfg = Debug|Any CPU
		{B6AB9F54-0C3C-4113-82C2-396C5B452FBA}.Debug|Any CPU.Build.0 = Debug|Any CPU
		{B6AB9F54-0C3C-4113-82C2-396C5B452FBA}.Release|Any CPU.ActiveCfg = Release|Any CPU
		{B6AB9F54-0C3C-4113-82C2-396C5B452FBA}.Release|Any CPU.Build.0 = Release|Any CPU
	EndGlobalSection
	GlobalSection(SolutionProperties) = preSolution
		HideSolutionNode = FALSE
	EndGlobalSection
	GlobalSection(NestedProjects) = preSolution
		{0728FF3A-DBE8-4ECB-81E3-B7E3C74C801D} = {28025FA8-DB53-42EB-A688-AA59044BC73D}
		{2F8F8639-C901-4988-88DE-659B1A8F6F40} = {28025FA8-DB53-42EB-A688-AA59044BC73D}
		{29402852-A5A2-49DC-B45F-A28980E4D799} = {28025FA8-DB53-42EB-A688-AA59044BC73D}
		{E1B10461-7F89-4C70-BCA1-EF3DBD5DA704} = {28025FA8-DB53-42EB-A688-AA59044BC73D}
		{AE280E81-265B-4159-AAE5-F5C0CCECFE67} = {28025FA8-DB53-42EB-A688-AA59044BC73D}
		{EE64E511-B4C6-46F3-AC62-D833857B7CBF} = {28025FA8-DB53-42EB-A688-AA59044BC73D}
		{2ED2DF0D-144B-48BB-8B11-FFB81044659D} = {DCB88367-D4E1-4B55-A464-BA1CA19BA443}
		{DCB88367-D4E1-4B55-A464-BA1CA19BA443} = {BD9F1F2B-3461-4112-90AC-7A5C73D70C12}
		{C656964D-5FB8-49E4-8A7D-C77DF89037CA} = {BD9F1F2B-3461-4112-90AC-7A5C73D70C12}
		{B6AB9F54-0C3C-4113-82C2-396C5B452FBA} = {C656964D-5FB8-49E4-8A7D-C77DF89037CA}
	EndGlobalSection
	GlobalSection(ExtensibilityGlobals) = postSolution
		SolutionGuid = {D197673F-8A65-48DC-83FC-FAABA792F2D4}
	EndGlobalSection
EndGlobal
